
Microsoft Visual Studio Solution File, Format Version 12.00
# Visual Studio Version 16
VisualStudioVersion = 16.0.29519.181
MinimumVisualStudioVersion = 10.0.40219.1
Project("{FAE04EC0-301F-11D3-BF4B-00C04F79EFBC}") = "DNX.Helpers", "DNX.Helpers\DNX.Helpers.csproj", "{BC278532-83D1-4AC0-BA01-E16F237BCBF9}"
EndProject
Project("{FAE04EC0-301F-11D3-BF4B-00C04F79EFBC}") = "Test.DNX.Helpers", "Test.DNX.Helpers\Test.DNX.Helpers.csproj", "{B3666B7C-ADF3-46B1-8955-D3224F4A9C8D}"
EndProject
Project("{2150E333-8FDC-42A3-9474-1A3956D46DE8}") = ".nuget", ".nuget", "{35364FCB-E4C1-488F-B918-19EDE8CD1A5C}"
	ProjectSection(SolutionItems) = preProject
		.nuget\NuGet.Config = .nuget\NuGet.Config
		.nuget\NuGet.exe = .nuget\NuGet.exe
		.nuget\NuGet.targets = .nuget\NuGet.targets
	EndProjectSection
EndProject
Project("{2150E333-8FDC-42A3-9474-1A3956D46DE8}") = ".docs", ".docs", "{E52234A5-6012-4188-B216-87C7D41306B5}"
	ProjectSection(SolutionItems) = preProject
		licence.txt = licence.txt
		readme.md = readme.md
		todo.md = todo.md
	EndProjectSection
EndProject
Project("{2150E333-8FDC-42A3-9474-1A3956D46DE8}") = ".commands", ".commands", "{FB47A44B-A670-480D-8B11-6D02072596D4}"
	ProjectSection(SolutionItems) = preProject
		commands.json = commands.json
		GenerateMarkdown.cmd = GenerateMarkdown.cmd
		NuGet.Pack.cmd = NuGet.Pack.cmd
		NuGet.Push.cmd = NuGet.Push.cmd
	EndProjectSection
EndProject
Project("{2150E333-8FDC-42A3-9474-1A3956D46DE8}") = "Docs", "Docs", "{2236A3F2-35BF-46D9-B5C6-E30761EEFA66}"
	ProjectSection(SolutionItems) = preProject
		Docs\Assemblies.md = Docs\Assemblies.md
		Docs\Comparisons.md = Docs\Comparisons.md
		Docs\Converters.md = Docs\Converters.md
		Docs\Dates.md = Docs\Dates.md
		Docs\Enumerations.md = Docs\Enumerations.md
		Docs\Exceptions.md = Docs\Exceptions.md
		Docs\Index.md = Docs\Index.md
		Docs\Interfaces.md = Docs\Interfaces.md
		Docs\Linq.md = Docs\Linq.md
		Docs\Maths.md = Docs\Maths.md
		Docs\Objects.md = Docs\Objects.md
		Docs\Reflection.md = Docs\Reflection.md
		Docs\Streams.md = Docs\Streams.md
		Docs\Strings.md = Docs\Strings.md
		Docs\Threading.md = Docs\Threading.md
		Docs\Validation.md = Docs\Validation.md
	EndProjectSection
EndProject
Project("{2150E333-8FDC-42A3-9474-1A3956D46DE8}") = "Reference", "Reference", "{BF2F6407-DA12-4C4B-B852-1D4BF3627122}"
	ProjectSection(SolutionItems) = preProject
		Reference\reference.md = Reference\reference.md
	EndProjectSection
EndProject
Project("{2150E333-8FDC-42A3-9474-1A3956D46DE8}") = ".build", ".build", "{BDB7BF4E-2B89-4EA1-AB87-00D926C29D97}"
	ProjectSection(SolutionItems) = preProject
		.travis.yml = .travis.yml
	EndProjectSection
EndProject
Global
	GlobalSection(SolutionConfigurationPlatforms) = preSolution
		Debug|Any CPU = Debug|Any CPU
		Release|Any CPU = Release|Any CPU
	EndGlobalSection
	GlobalSection(ProjectConfigurationPlatforms) = postSolution
		{BC278532-83D1-4AC0-BA01-E16F237BCBF9}.Debug|Any CPU.ActiveCfg = Debug|Any CPU
		{BC278532-83D1-4AC0-BA01-E16F237BCBF9}.Debug|Any CPU.Build.0 = Debug|Any CPU
		{BC278532-83D1-4AC0-BA01-E16F237BCBF9}.Release|Any CPU.ActiveCfg = Release|Any CPU
		{BC278532-83D1-4AC0-BA01-E16F237BCBF9}.Release|Any CPU.Build.0 = Release|Any CPU
		{B3666B7C-ADF3-46B1-8955-D3224F4A9C8D}.Debug|Any CPU.ActiveCfg = Debug|Any CPU
		{B3666B7C-ADF3-46B1-8955-D3224F4A9C8D}.Debug|Any CPU.Build.0 = Debug|Any CPU
		{B3666B7C-ADF3-46B1-8955-D3224F4A9C8D}.Release|Any CPU.ActiveCfg = Release|Any CPU
		{B3666B7C-ADF3-46B1-8955-D3224F4A9C8D}.Release|Any CPU.Build.0 = Release|Any CPU
	EndGlobalSection
	GlobalSection(SolutionProperties) = preSolution
		HideSolutionNode = FALSE
	EndGlobalSection
	GlobalSection(NestedProjects) = preSolution
		{2236A3F2-35BF-46D9-B5C6-E30761EEFA66} = {E52234A5-6012-4188-B216-87C7D41306B5}
		{BF2F6407-DA12-4C4B-B852-1D4BF3627122} = {E52234A5-6012-4188-B216-87C7D41306B5}
	EndGlobalSection
	GlobalSection(ExtensibilityGlobals) = postSolution
		SolutionGuid = {59F858F4-B132-4090-8A05-85FC6D02D008}
	EndGlobalSection
EndGlobal
